
Microsoft Visual Studio Solution File, Format Version 12.00
# Visual Studio Version 17
VisualStudioVersion = 17.7.34003.232
MinimumVisualStudioVersion = 10.0.40219.1
Project("{FAE04EC0-301F-11D3-BF4B-00C04F79EFBC}") = "DeweySystem", "DeweySystem.csproj", "{87009F4A-6E8A-49B0-9186-F6AAA574FA51}"
EndProject
Global
	GlobalSection(SolutionConfigurationPlatforms) = preSolution
		Debug|Any CPU = Debug|Any CPU
		Release|Any CPU = Release|Any CPU
	EndGlobalSection
	GlobalSection(ProjectConfigurationPlatforms) = postSolution
		{87009F4A-6E8A-49B0-9186-F6AAA574FA51}.Debug|Any CPU.ActiveCfg = Debug|Any CPU
		{87009F4A-6E8A-49B0-9186-F6AAA574FA51}.Debug|Any CPU.Build.0 = Debug|Any CPU
		{87009F4A-6E8A-49B0-9186-F6AAA574FA51}.Release|Any CPU.ActiveCfg = Release|Any CPU
		{87009F4A-6E8A-49B0-9186-F6AAA574FA51}.Release|Any CPU.Build.0 = Release|Any CPU
	EndGlobalSection
	GlobalSection(SolutionProperties) = preSolution
		HideSolutionNode = FALSE
	EndGlobalSection
	GlobalSection(ExtensibilityGlobals) = postSolution
		SolutionGuid = {0FE45237-7CEC-4F9B-9A2A-698D8716A232}
	EndGlobalSection
EndGlobal
